
Microsoft Visual Studio Solution File, Format Version 12.00
# Visual Studio Version 17
VisualStudioVersion = 17.14.36221.1
MinimumVisualStudioVersion = 10.0.40219.1
Project("{FAE04EC0-301F-11D3-BF4B-00C04F79EFBC}") = "ETICARET.Entities", "ETICARET.Entities\ETICARET.Entities.csproj", "{65FBCFF1-80FB-4B3A-A5DA-905EDB49BA67}"
EndProject
Project("{FAE04EC0-301F-11D3-BF4B-00C04F79EFBC}") = "ETICARET.DataAccess", "ETICARET.DataAccess\ETICARET.DataAccess.csproj", "{153F5091-12E8-47D2-B1C4-B7B3E4A01974}"
EndProject
Project("{FAE04EC0-301F-11D3-BF4B-00C04F79EFBC}") = "ETICARET.Business", "ETICARET.Business\ETICARET.Business.csproj", "{EFFF25EE-EE57-4593-A60C-D545DB03404E}"
EndProject
Project("{FAE04EC0-301F-11D3-BF4B-00C04F79EFBC}") = "ETICARET.WebUI", "ETICARET.WebUI\ETICARET.WebUI.csproj", "{E6E1621A-006C-4A44-A45E-7A2FFE5F960D}"
EndProject
Global
	GlobalSection(SolutionConfigurationPlatforms) = preSolution
		Debug|Any CPU = Debug|Any CPU
		Release|Any CPU = Release|Any CPU
	EndGlobalSection
	GlobalSection(ProjectConfigurationPlatforms) = postSolution
		{65FBCFF1-80FB-4B3A-A5DA-905EDB49BA67}.Debug|Any CPU.ActiveCfg = Debug|Any CPU
		{65FBCFF1-80FB-4B3A-A5DA-905EDB49BA67}.Debug|Any CPU.Build.0 = Debug|Any CPU
		{65FBCFF1-80FB-4B3A-A5DA-905EDB49BA67}.Release|Any CPU.ActiveCfg = Release|Any CPU
		{65FBCFF1-80FB-4B3A-A5DA-905EDB49BA67}.Release|Any CPU.Build.0 = Release|Any CPU
		{153F5091-12E8-47D2-B1C4-B7B3E4A01974}.Debug|Any CPU.ActiveCfg = Debug|Any CPU
		{153F5091-12E8-47D2-B1C4-B7B3E4A01974}.Debug|Any CPU.Build.0 = Debug|Any CPU
		{153F5091-12E8-47D2-B1C4-B7B3E4A01974}.Release|Any CPU.ActiveCfg = Release|Any CPU
		{153F5091-12E8-47D2-B1C4-B7B3E4A01974}.Release|Any CPU.Build.0 = Release|Any CPU
		{EFFF25EE-EE57-4593-A60C-D545DB03404E}.Debug|Any CPU.ActiveCfg = Debug|Any CPU
		{EFFF25EE-EE57-4593-A60C-D545DB03404E}.Debug|Any CPU.Build.0 = Debug|Any CPU
		{EFFF25EE-EE57-4593-A60C-D545DB03404E}.Release|Any CPU.ActiveCfg = Release|Any CPU
		{EFFF25EE-EE57-4593-A60C-D545DB03404E}.Release|Any CPU.Build.0 = Release|Any CPU
		{E6E1621A-006C-4A44-A45E-7A2FFE5F960D}.Debug|Any CPU.ActiveCfg = Debug|Any CPU
		{E6E1621A-006C-4A44-A45E-7A2FFE5F960D}.Debug|Any CPU.Build.0 = Debug|Any CPU
		{E6E1621A-006C-4A44-A45E-7A2FFE5F960D}.Release|Any CPU.ActiveCfg = Release|Any CPU
		{E6E1621A-006C-4A44-A45E-7A2FFE5F960D}.Release|Any CPU.Build.0 = Release|Any CPU
	EndGlobalSection
	GlobalSection(SolutionProperties) = preSolution
		HideSolutionNode = FALSE
	EndGlobalSection
	GlobalSection(ExtensibilityGlobals) = postSolution
		SolutionGuid = {91363269-19B5-4FBC-82B4-D58819928208}
	EndGlobalSection
EndGlobal
